{
  "meteor": {
    "git": "https://github.com/meteor/meteor.git",
    "branch": "master",
    "commit": "2d8b41a87cec884489ead138b5dfea31487363f3"
  },
  "dependencies": {
    "basePackages": {
      "blade": {},
      "jquery-mobile": {
        "git": "git@github.com:juanpastas/meteor-jquery-mobile.git",
        "branch": "master"
      }
    },
    "packages": {
      "blade": {
        "git": "https://github.com/bminer/node-blade.git",
        "tag": "v3.0.0",
        "commit": "1ab53049fd26952edcd72ef1e99750104c26a892"
      },
      "jquery-mobile": {
        "git": "git@github.com:juanpastas/meteor-jquery-mobile.git",
        "branch": "master",
        "commit": "03164f185da1d81b255a0955d1c31ae00dfa4151"
      }
    }
  }
}
